{
  "object": {
    "pins": [
      {
        "package": "OSInteractor",
        "repositoryURL": "/Users/jeremybannister/Documents/Code/Swift/Libraries/OSInteractor",
        "state": {
          "branch": null,
          "revision": "d0d2e20dbf6341ed66c9e97abd2d883d6fc6bc84",
          "version": "0.2.0"
        }
      },
      {
        "package": "Shell",
        "repositoryURL": "/Users/jeremybannister/Documents/Code/Swift/Libraries/Shell",
        "state": {
          "branch": null,
          "revision": "a6be495ec2eeaa2218a35224f08dceb949a061e5",
          "version": "0.1.0"
        }
      }
    ]
  },
  "version": 1
}
